PODS:
  - Kingfisher (7.6.2)
  - Realm (10.41.0):
    - Realm/Headers (= 10.41.0)
  - Realm/Headers (10.41.0)
  - RealmSwift (10.41.0):
    - Realm (= 10.41.0)
  - SnapKit (5.6.0)

DEPENDENCIES:
  - Kingfisher
  - RealmSwift
  - SnapKit

SPEC REPOS:
  trunk:
    - Kingfisher
    - Realm
    - RealmSwift
    - SnapKit

SPEC CHECKSUMS:
  Kingfisher: 6c5449c6450c5239166510ba04afe374a98afc4f
  Realm: 669efee7dc1ce0aa9f6739a60f8c0df0a3835067
  RealmSwift: 6b7b0e91b79dc66d5cfceeb3b319cacfc9b1a70e
  SnapKit: e01d52ebb8ddbc333eefe2132acf85c8227d9c25

PODFILE CHECKSUM: 36bc462d17b7066e60ed4f4b92c81cdf522b210e

COCOAPODS: 1.11.3
