PODS:
  - Kingfisher (7.6.2)
  - Realm (10.33.0):
    - Realm/Headers (= 10.33.0)
  - Realm/Headers (10.33.0)
  - RealmSwift (10.33.0):
    - Realm (= 10.33.0)
  - SnapKit (5.6.0)

DEPENDENCIES:
  - Kingfisher
  - RealmSwift
  - SnapKit

SPEC REPOS:
  trunk:
    - Kingfisher
    - Realm
    - RealmSwift
    - SnapKit

SPEC CHECKSUMS:
  Kingfisher: 6c5449c6450c5239166510ba04afe374a98afc4f
  Realm: d4f810e161fa2c2c589b9860b6eb09238deacd73
  RealmSwift: cef9946f09f2333a8f2ac8bac4f8de52fb9f5ac3
  SnapKit: e01d52ebb8ddbc333eefe2132acf85c8227d9c25

PODFILE CHECKSUM: 36bc462d17b7066e60ed4f4b92c81cdf522b210e

COCOAPODS: 1.11.3
