// !$*UTF8*$!
{
	archiveVersion = 1;
	classes = {
	};
	objectVersion = 56;
	objects = {

/* Begin PBXBuildFile section */
		1C0C7B232A0A26DA0097F22A /* Protocol.swift in Sources */ = {isa = PBXBuildFile; fileRef = 1C0C7B222A0A26DA0097F22A /* Protocol.swift */; };
		1C1CBB602A5AF1FD00800A63 /* StorageViewModel.swift in Sources */ = {isa = PBXBuildFile; fileRef = 1C1CBB5F2A5AF1FD00800A63 /* StorageViewModel.swift */; };
		1C1CBB622A5AF61D00800A63 /* MovieStorageResult.swift in Sources */ = {isa = PBXBuildFile; fileRef = 1C1CBB612A5AF61D00800A63 /* MovieStorageResult.swift */; };
		1C1CBB642A5B158200800A63 /* MovieDetailResult.swift in Sources */ = {isa = PBXBuildFile; fileRef = 1C1CBB632A5B158200800A63 /* MovieDetailResult.swift */; };
		1C1CBB662A5B15B000800A63 /* DetailViewModel.swift in Sources */ = {isa = PBXBuildFile; fileRef = 1C1CBB652A5B15B000800A63 /* DetailViewModel.swift */; };
		1C21A1EE2A42D3F400AD6A0F /* LabelManager.swift in Sources */ = {isa = PBXBuildFile; fileRef = 1C21A1ED2A42D3F400AD6A0F /* LabelManager.swift */; };
		1C21A1F22A52FED700AD6A0F /* UIViewController+SafariViewController.swift in Sources */ = {isa = PBXBuildFile; fileRef = 1C21A1F12A52FED700AD6A0F /* UIViewController+SafariViewController.swift */; };
		1C21A1F42A53253100AD6A0F /* UIImageView+Kingfisher.swift in Sources */ = {isa = PBXBuildFile; fileRef = 1C21A1F32A53253100AD6A0F /* UIImageView+Kingfisher.swift */; };
		1C3A4A572A2C755000FCD300 /* Movie.swift in Sources */ = {isa = PBXBuildFile; fileRef = 1C3A4A562A2C755000FCD300 /* Movie.swift */; };
		1C3A4A592A2C759E00FCD300 /* Genre.swift in Sources */ = {isa = PBXBuildFile; fileRef = 1C3A4A582A2C759E00FCD300 /* Genre.swift */; };
		1C3A4A5D2A2C78D200FCD300 /* MovieMapper.swift in Sources */ = {isa = PBXBuildFile; fileRef = 1C3A4A5C2A2C78D200FCD300 /* MovieMapper.swift */; };
		1C6D197E29DD472C00774C4C /* MovieResponse.swift in Sources */ = {isa = PBXBuildFile; fileRef = 1C6D197D29DD472C00774C4C /* MovieResponse.swift */; };
		1C709BC829DD5BCD00E23571 /* ToastMessage.swift in Sources */ = {isa = PBXBuildFile; fileRef = 1C709BC729DD5BCD00E23571 /* ToastMessage.swift */; };
		1C709BCA29DD64A800E23571 /* MovieCollectionViewCell.swift in Sources */ = {isa = PBXBuildFile; fileRef = 1C709BC929DD64A800E23571 /* MovieCollectionViewCell.swift */; };
		1C753DF329E578000074C83D /* MovieDetailViewController.swift in Sources */ = {isa = PBXBuildFile; fileRef = 1C753DF229E578000074C83D /* MovieDetailViewController.swift */; };
		1C753DF529E578140074C83D /* MovieTableViewCell.swift in Sources */ = {isa = PBXBuildFile; fileRef = 1C753DF429E578140074C83D /* MovieTableViewCell.swift */; };
		1C753DF829EFEF4E0074C83D /* RateView.swift in Sources */ = {isa = PBXBuildFile; fileRef = 1C753DF729EFEF4E0074C83D /* RateView.swift */; };
		1C753DFC29EFF0E20074C83D /* RatingView.swift in Sources */ = {isa = PBXBuildFile; fileRef = 1C753DFB29EFF0E20074C83D /* RatingView.swift */; };
		1C8F5FC52A1267D500A58B1F /* MovieRepository.swift in Sources */ = {isa = PBXBuildFile; fileRef = 1C8F5FC42A1267D500A58B1F /* MovieRepository.swift */; };
		1C8F5FC82A12763B00A58B1F /* MovieRemoteDataSource.swift in Sources */ = {isa = PBXBuildFile; fileRef = 1C8F5FC72A12763B00A58B1F /* MovieRemoteDataSource.swift */; };
		1C8F5FCA2A12764900A58B1F /* MovieLocalDataSource.swift in Sources */ = {isa = PBXBuildFile; fileRef = 1C8F5FC92A12764900A58B1F /* MovieLocalDataSource.swift */; };
		1CD6FE7F29FCEF4C00405FD6 /* MovieData.swift in Sources */ = {isa = PBXBuildFile; fileRef = 1CD6FE7E29FCEF4C00405FD6 /* MovieData.swift */; };
		1CE1DB9C29DA974400645F68 /* AppDelegate.swift in Sources */ = {isa = PBXBuildFile; fileRef = 1CE1DB9B29DA974400645F68 /* AppDelegate.swift */; };
		1CE1DB9E29DA974400645F68 /* SceneDelegate.swift in Sources */ = {isa = PBXBuildFile; fileRef = 1CE1DB9D29DA974400645F68 /* SceneDelegate.swift */; };
		1CE1DBA029DA974400645F68 /* HomeTableViewController.swift in Sources */ = {isa = PBXBuildFile; fileRef = 1CE1DB9F29DA974400645F68 /* HomeTableViewController.swift */; };
		1CE1DBA329DA974400645F68 /* Main.storyboard in Resources */ = {isa = PBXBuildFile; fileRef = 1CE1DBA129DA974400645F68 /* Main.storyboard */; };
		1CE1DBA529DA974500645F68 /* Assets.xcassets in Resources */ = {isa = PBXBuildFile; fileRef = 1CE1DBA429DA974500645F68 /* Assets.xcassets */; };
		1CE1DBA829DA974500645F68 /* LaunchScreen.storyboard in Resources */ = {isa = PBXBuildFile; fileRef = 1CE1DBA629DA974500645F68 /* LaunchScreen.storyboard */; };
		1CE1DBB029DA9CE800645F68 /* StorageViewController.swift in Sources */ = {isa = PBXBuildFile; fileRef = 1CE1DBAF29DA9CE800645F68 /* StorageViewController.swift */; };
		1CF1D71D2A24AA0100F392AB /* HomeViewModel.swift in Sources */ = {isa = PBXBuildFile; fileRef = 1CF1D71C2A24AA0100F392AB /* HomeViewModel.swift */; };
		1CF1D71F2A24B25100F392AB /* Observer.swift in Sources */ = {isa = PBXBuildFile; fileRef = 1CF1D71E2A24B25100F392AB /* Observer.swift */; };
		1CF1D7222A24BB0F00F392AB /* MovieSearchResult.swift in Sources */ = {isa = PBXBuildFile; fileRef = 1CF1D7212A24BB0F00F392AB /* MovieSearchResult.swift */; };
/* End PBXBuildFile section */

/* Begin PBXFileReference section */
		1C0C7B222A0A26DA0097F22A /* Protocol.swift */ = {isa = PBXFileReference; lastKnownFileType = sourcecode.swift; path = Protocol.swift; sourceTree = "<group>"; };
		1C1CBB5F2A5AF1FD00800A63 /* StorageViewModel.swift */ = {isa = PBXFileReference; lastKnownFileType = sourcecode.swift; path = StorageViewModel.swift; sourceTree = "<group>"; };
		1C1CBB612A5AF61D00800A63 /* MovieStorageResult.swift */ = {isa = PBXFileReference; lastKnownFileType = sourcecode.swift; path = MovieStorageResult.swift; sourceTree = "<group>"; };
		1C1CBB632A5B158200800A63 /* MovieDetailResult.swift */ = {isa = PBXFileReference; lastKnownFileType = sourcecode.swift; path = MovieDetailResult.swift; sourceTree = "<group>"; };
		1C1CBB652A5B15B000800A63 /* DetailViewModel.swift */ = {isa = PBXFileReference; lastKnownFileType = sourcecode.swift; path = DetailViewModel.swift; sourceTree = "<group>"; };
		1C21A1ED2A42D3F400AD6A0F /* LabelManager.swift */ = {isa = PBXFileReference; lastKnownFileType = sourcecode.swift; path = LabelManager.swift; sourceTree = "<group>"; };
		1C21A1F12A52FED700AD6A0F /* UIViewController+SafariViewController.swift */ = {isa = PBXFileReference; lastKnownFileType = sourcecode.swift; path = "UIViewController+SafariViewController.swift"; sourceTree = "<group>"; };
		1C21A1F32A53253100AD6A0F /* UIImageView+Kingfisher.swift */ = {isa = PBXFileReference; lastKnownFileType = sourcecode.swift; path = "UIImageView+Kingfisher.swift"; sourceTree = "<group>"; };
		1C3A4A562A2C755000FCD300 /* Movie.swift */ = {isa = PBXFileReference; lastKnownFileType = sourcecode.swift; path = Movie.swift; sourceTree = "<group>"; };
		1C3A4A582A2C759E00FCD300 /* Genre.swift */ = {isa = PBXFileReference; lastKnownFileType = sourcecode.swift; path = Genre.swift; sourceTree = "<group>"; };
		1C3A4A5C2A2C78D200FCD300 /* MovieMapper.swift */ = {isa = PBXFileReference; lastKnownFileType = sourcecode.swift; path = MovieMapper.swift; sourceTree = "<group>"; };
		1C6D197D29DD472C00774C4C /* MovieResponse.swift */ = {isa = PBXFileReference; lastKnownFileType = sourcecode.swift; path = MovieResponse.swift; sourceTree = "<group>"; };
		1C709BC729DD5BCD00E23571 /* ToastMessage.swift */ = {isa = PBXFileReference; lastKnownFileType = sourcecode.swift; path = ToastMessage.swift; sourceTree = "<group>"; };
		1C709BC929DD64A800E23571 /* MovieCollectionViewCell.swift */ = {isa = PBXFileReference; lastKnownFileType = sourcecode.swift; path = MovieCollectionViewCell.swift; sourceTree = "<group>"; };
		1C753DF229E578000074C83D /* MovieDetailViewController.swift */ = {isa = PBXFileReference; lastKnownFileType = sourcecode.swift; path = MovieDetailViewController.swift; sourceTree = "<group>"; };
		1C753DF429E578140074C83D /* MovieTableViewCell.swift */ = {isa = PBXFileReference; lastKnownFileType = sourcecode.swift; path = MovieTableViewCell.swift; sourceTree = "<group>"; };
		1C753DF729EFEF4E0074C83D /* RateView.swift */ = {isa = PBXFileReference; lastKnownFileType = sourcecode.swift; path = RateView.swift; sourceTree = "<group>"; };
		1C753DFB29EFF0E20074C83D /* RatingView.swift */ = {isa = PBXFileReference; lastKnownFileType = sourcecode.swift; path = RatingView.swift; sourceTree = "<group>"; };
		1C8F5FC42A1267D500A58B1F /* MovieRepository.swift */ = {isa = PBXFileReference; lastKnownFileType = sourcecode.swift; path = MovieRepository.swift; sourceTree = "<group>"; };
		1C8F5FC72A12763B00A58B1F /* MovieRemoteDataSource.swift */ = {isa = PBXFileReference; lastKnownFileType = sourcecode.swift; path = MovieRemoteDataSource.swift; sourceTree = "<group>"; };
		1C8F5FC92A12764900A58B1F /* MovieLocalDataSource.swift */ = {isa = PBXFileReference; lastKnownFileType = sourcecode.swift; path = MovieLocalDataSource.swift; sourceTree = "<group>"; };
		1CD6FE7E29FCEF4C00405FD6 /* MovieData.swift */ = {isa = PBXFileReference; lastKnownFileType = sourcecode.swift; path = MovieData.swift; sourceTree = "<group>"; };
		1CE1DB9829DA974400645F68 /* MoCord.app */ = {isa = PBXFileReference; explicitFileType = wrapper.application; includeInIndex = 0; name = MoCord.app; path = "/Users/hyeri/Downloads/MovieRating/build/Debug-iphoneos/MoCord.app"; sourceTree = "<absolute>"; };
		1CE1DB9B29DA974400645F68 /* AppDelegate.swift */ = {isa = PBXFileReference; lastKnownFileType = sourcecode.swift; path = AppDelegate.swift; sourceTree = "<group>"; };
		1CE1DB9D29DA974400645F68 /* SceneDelegate.swift */ = {isa = PBXFileReference; lastKnownFileType = sourcecode.swift; path = SceneDelegate.swift; sourceTree = "<group>"; };
		1CE1DB9F29DA974400645F68 /* HomeTableViewController.swift */ = {isa = PBXFileReference; lastKnownFileType = sourcecode.swift; path = HomeTableViewController.swift; sourceTree = "<group>"; };
		1CE1DBA229DA974400645F68 /* Base */ = {isa = PBXFileReference; lastKnownFileType = file.storyboard; name = Base; path = Base.lproj/Main.storyboard; sourceTree = "<group>"; };
		1CE1DBA429DA974500645F68 /* Assets.xcassets */ = {isa = PBXFileReference; lastKnownFileType = folder.assetcatalog; path = Assets.xcassets; sourceTree = "<group>"; };
		1CE1DBA729DA974500645F68 /* Base */ = {isa = PBXFileReference; lastKnownFileType = file.storyboard; name = Base; path = Base.lproj/LaunchScreen.storyboard; sourceTree = "<group>"; };
		1CE1DBA929DA974500645F68 /* Info.plist */ = {isa = PBXFileReference; lastKnownFileType = text.plist.xml; path = Info.plist; sourceTree = "<group>"; };
		1CE1DBAF29DA9CE800645F68 /* StorageViewController.swift */ = {isa = PBXFileReference; lastKnownFileType = sourcecode.swift; path = StorageViewController.swift; sourceTree = "<group>"; };
		1CF1D71C2A24AA0100F392AB /* HomeViewModel.swift */ = {isa = PBXFileReference; lastKnownFileType = sourcecode.swift; path = HomeViewModel.swift; sourceTree = "<group>"; };
		1CF1D71E2A24B25100F392AB /* Observer.swift */ = {isa = PBXFileReference; lastKnownFileType = sourcecode.swift; path = Observer.swift; sourceTree = "<group>"; };
		1CF1D7212A24BB0F00F392AB /* MovieSearchResult.swift */ = {isa = PBXFileReference; lastKnownFileType = sourcecode.swift; path = MovieSearchResult.swift; sourceTree = "<group>"; };
/* End PBXFileReference section */

/* Begin PBXFrameworksBuildPhase section */
		1CE1DB9529DA974400645F68 /* Frameworks */ = {
			isa = PBXFrameworksBuildPhase;
			buildActionMask = 2147483647;
			files = (
			);
			runOnlyForDeploymentPostprocessing = 0;
		};
/* End PBXFrameworksBuildPhase section */

/* Begin PBXGroup section */
		1C21A1EC2A42D37A00AD6A0F /* Utility */ = {
			isa = PBXGroup;
			children = (
				1C21A1ED2A42D3F400AD6A0F /* LabelManager.swift */,
				1C21A1F12A52FED700AD6A0F /* UIViewController+SafariViewController.swift */,
				1C21A1F32A53253100AD6A0F /* UIImageView+Kingfisher.swift */,
			);
			path = Utility;
			sourceTree = "<group>";
		};
		1C3A4A542A2C750300FCD300 /* Model */ = {
			isa = PBXGroup;
			children = (
				1CD6FE7E29FCEF4C00405FD6 /* MovieData.swift */,
			);
			path = Model;
			sourceTree = "<group>";
		};
		1C3A4A552A2C750C00FCD300 /* Model */ = {
			isa = PBXGroup;
			children = (
				1C6D197D29DD472C00774C4C /* MovieResponse.swift */,
			);
			path = Model;
			sourceTree = "<group>";
		};
		1C3A4A5B2A2C78C400FCD300 /* Mapper */ = {
			isa = PBXGroup;
			children = (
				1C3A4A5C2A2C78D200FCD300 /* MovieMapper.swift */,
			);
			path = Mapper;
			sourceTree = "<group>";
		};
		1C709BC629DD5BA700E23571 /* Module */ = {
			isa = PBXGroup;
			children = (
				1C709BC729DD5BCD00E23571 /* ToastMessage.swift */,
			);
			path = Module;
			sourceTree = "<group>";
		};
		1C753DF629EFEF380074C83D /* Components */ = {
			isa = PBXGroup;
			children = (
				1C753DF429E578140074C83D /* MovieTableViewCell.swift */,
				1C709BC929DD64A800E23571 /* MovieCollectionViewCell.swift */,
				1C753DF729EFEF4E0074C83D /* RateView.swift */,
				1C753DFB29EFF0E20074C83D /* RatingView.swift */,
			);
			path = Components;
			sourceTree = "<group>";
		};
		1C8F5FC02A1267A500A58B1F /* ModelLayer */ = {
			isa = PBXGroup;
			children = (
				1C8F5FC32A1267C600A58B1F /* Local */,
				1C8F5FC22A1267B400A58B1F /* Remote */,
				1C8F5FC12A1267AD00A58B1F /* Repository */,
			);
			path = ModelLayer;
			sourceTree = "<group>";
		};
		1C8F5FC12A1267AD00A58B1F /* Repository */ = {
			isa = PBXGroup;
			children = (
				1C8F5FC42A1267D500A58B1F /* MovieRepository.swift */,
			);
			path = Repository;
			sourceTree = "<group>";
		};
		1C8F5FC22A1267B400A58B1F /* Remote */ = {
			isa = PBXGroup;
			children = (
				1C3A4A552A2C750C00FCD300 /* Model */,
				1C8F5FC72A12763B00A58B1F /* MovieRemoteDataSource.swift */,
			);
			path = Remote;
			sourceTree = "<group>";
		};
		1C8F5FC32A1267C600A58B1F /* Local */ = {
			isa = PBXGroup;
			children = (
				1C3A4A542A2C750300FCD300 /* Model */,
				1C8F5FC92A12764900A58B1F /* MovieLocalDataSource.swift */,
			);
			path = Local;
			sourceTree = "<group>";
		};
		1CE1DB8F29DA974400645F68 = {
			isa = PBXGroup;
			children = (
				1CE1DB9A29DA974400645F68 /* MoCord */,
			);
			sourceTree = "<group>";
		};
		1CE1DB9A29DA974400645F68 /* MoCord */ = {
			isa = PBXGroup;
			children = (
				1CE1DB9F29DA974400645F68 /* HomeTableViewController.swift */,
				1CE1DBAF29DA9CE800645F68 /* StorageViewController.swift */,
				1C753DF229E578000074C83D /* MovieDetailViewController.swift */,
				1C3A4A5B2A2C78C400FCD300 /* Mapper */,
				1CF1D71B2A24A9D300F392AB /* ViewModel */,
				1C8F5FC02A1267A500A58B1F /* ModelLayer */,
				1CE1DBB129DAA22400645F68 /* Model */,
				1C753DF629EFEF380074C83D /* Components */,
				1CE1DBD229DBF6ED00645F68 /* Resource */,
				1C709BC629DD5BA700E23571 /* Module */,
				1C21A1EC2A42D37A00AD6A0F /* Utility */,
				1CE1DBA929DA974500645F68 /* Info.plist */,
			);
			path = MoCord;
			sourceTree = "<group>";
		};
		1CE1DBB129DAA22400645F68 /* Model */ = {
			isa = PBXGroup;
			children = (
				1C0C7B222A0A26DA0097F22A /* Protocol.swift */,
				1C3A4A562A2C755000FCD300 /* Movie.swift */,
				1C3A4A582A2C759E00FCD300 /* Genre.swift */,
			);
			path = Model;
			sourceTree = "<group>";
		};
		1CE1DBD229DBF6ED00645F68 /* Resource */ = {
			isa = PBXGroup;
			children = (
				1CE1DB9B29DA974400645F68 /* AppDelegate.swift */,
				1CE1DB9D29DA974400645F68 /* SceneDelegate.swift */,
				1CE1DBA129DA974400645F68 /* Main.storyboard */,
				1CE1DBA629DA974500645F68 /* LaunchScreen.storyboard */,
				1CE1DBA429DA974500645F68 /* Assets.xcassets */,
			);
			path = Resource;
			sourceTree = "<group>";
		};
		1CF1D71B2A24A9D300F392AB /* ViewModel */ = {
			isa = PBXGroup;
			children = (
				1CF1D71C2A24AA0100F392AB /* HomeViewModel.swift */,
				1C1CBB5F2A5AF1FD00800A63 /* StorageViewModel.swift */,
				1C1CBB652A5B15B000800A63 /* DetailViewModel.swift */,
				1CF1D7212A24BB0F00F392AB /* MovieSearchResult.swift */,
				1C1CBB612A5AF61D00800A63 /* MovieStorageResult.swift */,
				1C1CBB632A5B158200800A63 /* MovieDetailResult.swift */,
				1CF1D71E2A24B25100F392AB /* Observer.swift */,
			);
			path = ViewModel;
			sourceTree = "<group>";
		};
/* End PBXGroup section */

/* Begin PBXNativeTarget section */
		1CE1DB9729DA974400645F68 /* MoCord */ = {
			isa = PBXNativeTarget;
			buildConfigurationList = 1CE1DBAC29DA974500645F68 /* Build configuration list for PBXNativeTarget "MoCord" */;
			buildPhases = (
				1CE1DB9429DA974400645F68 /* Sources */,
				1CE1DB9529DA974400645F68 /* Frameworks */,
				1CE1DB9629DA974400645F68 /* Resources */,
				D1204AD3A2A441D710133C3A /* ShellScript */,
			);
			buildRules = (
			);
			dependencies = (
			);
			name = MoCord;
			productName = MovieRating;
			productReference = 1CE1DB9829DA974400645F68 /* MoCord.app */;
			productType = "com.apple.product-type.application";
		};
/* End PBXNativeTarget section */

/* Begin PBXProject section */
		1CE1DB9029DA974400645F68 /* Project object */ = {
			isa = PBXProject;
			attributes = {
				BuildIndependentTargetsInParallel = 1;
				LastSwiftUpdateCheck = 1420;
				LastUpgradeCheck = 1420;
				TargetAttributes = {
					1CE1DB9729DA974400645F68 = {
						CreatedOnToolsVersion = 14.2;
					};
				};
			};
			buildConfigurationList = 1CE1DB9329DA974400645F68 /* Build configuration list for PBXProject "MoCord" */;
			compatibilityVersion = "Xcode 14.0";
			developmentRegion = en;
			hasScannedForEncodings = 0;
			knownRegions = (
				en,
				Base,
			);
			mainGroup = 1CE1DB8F29DA974400645F68;
			productRefGroup = 1CE1DB8F29DA974400645F68;
			projectDirPath = "";
			projectRoot = "";
			targets = (
				1CE1DB9729DA974400645F68 /* MoCord */,
			);
		};
/* End PBXProject section */

/* Begin PBXResourcesBuildPhase section */
		1CE1DB9629DA974400645F68 /* Resources */ = {
			isa = PBXResourcesBuildPhase;
			buildActionMask = 2147483647;
			files = (
				1CE1DBA829DA974500645F68 /* LaunchScreen.storyboard in Resources */,
				1CE1DBA529DA974500645F68 /* Assets.xcassets in Resources */,
				1CE1DBA329DA974400645F68 /* Main.storyboard in Resources */,
			);
			runOnlyForDeploymentPostprocessing = 0;
		};
/* End PBXResourcesBuildPhase section */

/* Begin PBXShellScriptBuildPhase section */
		D1204AD3A2A441D710133C3A /* ShellScript */ = {
			isa = PBXShellScriptBuildPhase;
			buildActionMask = 2147483647;
			files = (
			);
			runOnlyForDeploymentPostprocessing = 0;
			shellPath = /bin/sh;
			shellScript = "\"${PODS_ROOT}/Target Support Files/Pods-MovieRating/Pods-MovieRating-frameworks.sh\"\n";
			showEnvVarsInLog = 0;
		};
/* End PBXShellScriptBuildPhase section */

/* Begin PBXSourcesBuildPhase section */
		1CE1DB9429DA974400645F68 /* Sources */ = {
			isa = PBXSourcesBuildPhase;
			buildActionMask = 2147483647;
			files = (
				1C21A1EE2A42D3F400AD6A0F /* LabelManager.swift in Sources */,
				1C3A4A5D2A2C78D200FCD300 /* MovieMapper.swift in Sources */,
				1C1CBB662A5B15B000800A63 /* DetailViewModel.swift in Sources */,
				1C1CBB602A5AF1FD00800A63 /* StorageViewModel.swift in Sources */,
				1C21A1F42A53253100AD6A0F /* UIImageView+Kingfisher.swift in Sources */,
				1C3A4A572A2C755000FCD300 /* Movie.swift in Sources */,
				1CF1D71D2A24AA0100F392AB /* HomeViewModel.swift in Sources */,
				1CF1D71F2A24B25100F392AB /* Observer.swift in Sources */,
				1C3A4A592A2C759E00FCD300 /* Genre.swift in Sources */,
				1C1CBB642A5B158200800A63 /* MovieDetailResult.swift in Sources */,
				1C1CBB622A5AF61D00800A63 /* MovieStorageResult.swift in Sources */,
				1C753DFC29EFF0E20074C83D /* RatingView.swift in Sources */,
				1C0C7B232A0A26DA0097F22A /* Protocol.swift in Sources */,
				1C753DF529E578140074C83D /* MovieTableViewCell.swift in Sources */,
				1C753DF329E578000074C83D /* MovieDetailViewController.swift in Sources */,
				1C8F5FC52A1267D500A58B1F /* MovieRepository.swift in Sources */,
				1C21A1F22A52FED700AD6A0F /* UIViewController+SafariViewController.swift in Sources */,
				1CE1DBA029DA974400645F68 /* HomeTableViewController.swift in Sources */,
				1CF1D7222A24BB0F00F392AB /* MovieSearchResult.swift in Sources */,
				1CE1DB9C29DA974400645F68 /* AppDelegate.swift in Sources */,
				1C6D197E29DD472C00774C4C /* MovieResponse.swift in Sources */,
				1CD6FE7F29FCEF4C00405FD6 /* MovieData.swift in Sources */,
				1C709BC829DD5BCD00E23571 /* ToastMessage.swift in Sources */,
				1C753DF829EFEF4E0074C83D /* RateView.swift in Sources */,
				1C8F5FCA2A12764900A58B1F /* MovieLocalDataSource.swift in Sources */,
				1C8F5FC82A12763B00A58B1F /* MovieRemoteDataSource.swift in Sources */,
				1CE1DBB029DA9CE800645F68 /* StorageViewController.swift in Sources */,
				1CE1DB9E29DA974400645F68 /* SceneDelegate.swift in Sources */,
				1C709BCA29DD64A800E23571 /* MovieCollectionViewCell.swift in Sources */,
			);
			runOnlyForDeploymentPostprocessing = 0;
		};
/* End PBXSourcesBuildPhase section */

/* Begin PBXVariantGroup section */
		1CE1DBA129DA974400645F68 /* Main.storyboard */ = {
			isa = PBXVariantGroup;
			children = (
				1CE1DBA229DA974400645F68 /* Base */,
			);
			name = Main.storyboard;
			sourceTree = "<group>";
		};
		1CE1DBA629DA974500645F68 /* LaunchScreen.storyboard */ = {
			isa = PBXVariantGroup;
			children = (
				1CE1DBA729DA974500645F68 /* Base */,
			);
			name = LaunchScreen.storyboard;
			sourceTree = "<group>";
		};
/* End PBXVariantGroup section */

/* Begin XCBuildConfiguration section */
		1CE1DBAA29DA974500645F68 /* Debug */ = {
			isa = XCBuildConfiguration;
			buildSettings = {
				ALWAYS_SEARCH_USER_PATHS = NO;
				CLANG_ANALYZER_NONNULL = YES;
				CLANG_ANALYZER_NUMBER_OBJECT_CONVERSION = YES_AGGRESSIVE;
				CLANG_CXX_LANGUAGE_STANDARD = "gnu++20";
				CLANG_ENABLE_MODULES = YES;
				CLANG_ENABLE_OBJC_ARC = YES;
				CLANG_ENABLE_OBJC_WEAK = YES;
				CLANG_WARN_BLOCK_CAPTURE_AUTORELEASING = YES;
				CLANG_WARN_BOOL_CONVERSION = YES;
				CLANG_WARN_COMMA = YES;
				CLANG_WARN_CONSTANT_CONVERSION = YES;
				CLANG_WARN_DEPRECATED_OBJC_IMPLEMENTATIONS = YES;
				CLANG_WARN_DIRECT_OBJC_ISA_USAGE = YES_ERROR;
				CLANG_WARN_DOCUMENTATION_COMMENTS = YES;
				CLANG_WARN_EMPTY_BODY = YES;
				CLANG_WARN_ENUM_CONVERSION = YES;
				CLANG_WARN_INFINITE_RECURSION = YES;
				CLANG_WARN_INT_CONVERSION = YES;
				CLANG_WARN_NON_LITERAL_NULL_CONVERSION = YES;
				CLANG_WARN_OBJC_IMPLICIT_RETAIN_SELF = YES;
				CLANG_WARN_OBJC_LITERAL_CONVERSION = YES;
				CLANG_WARN_OBJC_ROOT_CLASS = YES_ERROR;
				CLANG_WARN_QUOTED_INCLUDE_IN_FRAMEWORK_HEADER = YES;
				CLANG_WARN_RANGE_LOOP_ANALYSIS = YES;
				CLANG_WARN_STRICT_PROTOTYPES = YES;
				CLANG_WARN_SUSPICIOUS_MOVE = YES;
				CLANG_WARN_UNGUARDED_AVAILABILITY = YES_AGGRESSIVE;
				CLANG_WARN_UNREACHABLE_CODE = YES;
				CLANG_WARN__DUPLICATE_METHOD_MATCH = YES;
				COPY_PHASE_STRIP = NO;
				DEBUG_INFORMATION_FORMAT = dwarf;
				ENABLE_STRICT_OBJC_MSGSEND = YES;
				ENABLE_TESTABILITY = YES;
				GCC_C_LANGUAGE_STANDARD = gnu11;
				GCC_DYNAMIC_NO_PIC = NO;
				GCC_NO_COMMON_BLOCKS = YES;
				GCC_OPTIMIZATION_LEVEL = 0;
				GCC_PREPROCESSOR_DEFINITIONS = (
					"DEBUG=1",
					"$(inherited)",
				);
				GCC_WARN_64_TO_32_BIT_CONVERSION = YES;
				GCC_WARN_ABOUT_RETURN_TYPE = YES_ERROR;
				GCC_WARN_UNDECLARED_SELECTOR = YES;
				GCC_WARN_UNINITIALIZED_AUTOS = YES_AGGRESSIVE;
				GCC_WARN_UNUSED_FUNCTION = YES;
				GCC_WARN_UNUSED_VARIABLE = YES;
				HEADER_SEARCH_PATHS = (
					"$(OBJROOT)/UninstalledProducts/include",
					"\"$(TARGET_BUILD_DIR)/usr/local/lib/include\"",
					"\"$(BUILT_PRODUCTS_DIR)\"",
				);
				INFOPLIST_KEY_CFBundleDisplayName = MoCord;
				IPHONEOS_DEPLOYMENT_TARGET = 16.2;
				MTL_ENABLE_DEBUG_INFO = INCLUDE_SOURCE;
				MTL_FAST_MATH = YES;
				ONLY_ACTIVE_ARCH = YES;
				SDKROOT = iphoneos;
				SWIFT_ACTIVE_COMPILATION_CONDITIONS = DEBUG;
				SWIFT_OPTIMIZATION_LEVEL = "-Onone";
			};
			name = Debug;
		};
		1CE1DBAB29DA974500645F68 /* Release */ = {
			isa = XCBuildConfiguration;
			buildSettings = {
				ALWAYS_SEARCH_USER_PATHS = NO;
				CLANG_ANALYZER_NONNULL = YES;
				CLANG_ANALYZER_NUMBER_OBJECT_CONVERSION = YES_AGGRESSIVE;
				CLANG_CXX_LANGUAGE_STANDARD = "gnu++20";
				CLANG_ENABLE_MODULES = YES;
				CLANG_ENABLE_OBJC_ARC = YES;
				CLANG_ENABLE_OBJC_WEAK = YES;
				CLANG_WARN_BLOCK_CAPTURE_AUTORELEASING = YES;
				CLANG_WARN_BOOL_CONVERSION = YES;
				CLANG_WARN_COMMA = YES;
				CLANG_WARN_CONSTANT_CONVERSION = YES;
				CLANG_WARN_DEPRECATED_OBJC_IMPLEMENTATIONS = YES;
				CLANG_WARN_DIRECT_OBJC_ISA_USAGE = YES_ERROR;
				CLANG_WARN_DOCUMENTATION_COMMENTS = YES;
				CLANG_WARN_EMPTY_BODY = YES;
				CLANG_WARN_ENUM_CONVERSION = YES;
				CLANG_WARN_INFINITE_RECURSION = YES;
				CLANG_WARN_INT_CONVERSION = YES;
				CLANG_WARN_NON_LITERAL_NULL_CONVERSION = YES;
				CLANG_WARN_OBJC_IMPLICIT_RETAIN_SELF = YES;
				CLANG_WARN_OBJC_LITERAL_CONVERSION = YES;
				CLANG_WARN_OBJC_ROOT_CLASS = YES_ERROR;
				CLANG_WARN_QUOTED_INCLUDE_IN_FRAMEWORK_HEADER = YES;
				CLANG_WARN_RANGE_LOOP_ANALYSIS = YES;
				CLANG_WARN_STRICT_PROTOTYPES = YES;
				CLANG_WARN_SUSPICIOUS_MOVE = YES;
				CLANG_WARN_UNGUARDED_AVAILABILITY = YES_AGGRESSIVE;
				CLANG_WARN_UNREACHABLE_CODE = YES;
				CLANG_WARN__DUPLICATE_METHOD_MATCH = YES;
				COPY_PHASE_STRIP = NO;
				DEBUG_INFORMATION_FORMAT = "dwarf-with-dsym";
				ENABLE_NS_ASSERTIONS = NO;
				ENABLE_STRICT_OBJC_MSGSEND = YES;
				GCC_C_LANGUAGE_STANDARD = gnu11;
				GCC_NO_COMMON_BLOCKS = YES;
				GCC_WARN_64_TO_32_BIT_CONVERSION = YES;
				GCC_WARN_ABOUT_RETURN_TYPE = YES_ERROR;
				GCC_WARN_UNDECLARED_SELECTOR = YES;
				GCC_WARN_UNINITIALIZED_AUTOS = YES_AGGRESSIVE;
				GCC_WARN_UNUSED_FUNCTION = YES;
				GCC_WARN_UNUSED_VARIABLE = YES;
				HEADER_SEARCH_PATHS = (
					"\"$(TARGET_BUILD_DIR)/usr/local/lib/include\"",
					"$(OBJROOT)/UninstalledProducts/include",
					"\"$(BUILT_PRODUCTS_DIR)\"",
				);
				INFOPLIST_KEY_CFBundleDisplayName = MoCord;
				IPHONEOS_DEPLOYMENT_TARGET = 16.2;
				MTL_ENABLE_DEBUG_INFO = NO;
				MTL_FAST_MATH = YES;
				ONLY_ACTIVE_ARCH = YES;
				SDKROOT = iphoneos;
				SWIFT_COMPILATION_MODE = wholemodule;
				SWIFT_OPTIMIZATION_LEVEL = "-O";
				VALIDATE_PRODUCT = YES;
			};
			name = Release;
		};
		1CE1DBAD29DA974500645F68 /* Debug */ = {
			isa = XCBuildConfiguration;
			buildSettings = {
				ASSETCATALOG_COMPILER_APPICON_NAME = AppIcon;
				ASSETCATALOG_COMPILER_GLOBAL_ACCENT_COLOR_NAME = AccentColor;
				ASSETCATALOG_COMPILER_INCLUDE_ALL_APPICON_ASSETS = YES;
				CODE_SIGN_STYLE = Automatic;
				CURRENT_PROJECT_VERSION = 1;
				DEVELOPMENT_TEAM = XBK9RNRMN8;
				GENERATE_INFOPLIST_FILE = YES;
				INFOPLIST_FILE = MoCord/Info.plist;
				INFOPLIST_KEY_CFBundleDisplayName = MoCord;
				INFOPLIST_KEY_UIApplicationSupportsIndirectInputEvents = YES;
				INFOPLIST_KEY_UILaunchStoryboardName = LaunchScreen.storyboard;
				INFOPLIST_KEY_UIMainStoryboardFile = Main;
				INFOPLIST_KEY_UIRequiresFullScreen = NO;
				INFOPLIST_KEY_UIStatusBarStyle = UIStatusBarStyleLightContent;
				INFOPLIST_KEY_UISupportedInterfaceOrientations = UIInterfaceOrientationPortrait;
				INFOPLIST_KEY_UISupportedInterfaceOrientations_iPad = "UIInterfaceOrientationLandscapeLeft UIInterfaceOrientationLandscapeRight UIInterfaceOrientationPortrait UIInterfaceOrientationPortraitUpsideDown";
				IPHONEOS_DEPLOYMENT_TARGET = 16.0;
				LD_RUNPATH_SEARCH_PATHS = (
					"$(inherited)",
					"@executable_path/Frameworks",
				);
				MARKETING_VERSION = 1.0.1;
				PRODUCT_BUNDLE_IDENTIFIER = hyeri.MovieRating;
				PRODUCT_NAME = "$(TARGET_NAME)";
				SWIFT_EMIT_LOC_STRINGS = YES;
				SWIFT_VERSION = 5.0;
				TARGETED_DEVICE_FAMILY = 1;
			};
			name = Debug;
		};
		1CE1DBAE29DA974500645F68 /* Release */ = {
			isa = XCBuildConfiguration;
			buildSettings = {
				ASSETCATALOG_COMPILER_APPICON_NAME = AppIcon;
				ASSETCATALOG_COMPILER_GLOBAL_ACCENT_COLOR_NAME = AccentColor;
				ASSETCATALOG_COMPILER_INCLUDE_ALL_APPICON_ASSETS = YES;
				CODE_SIGN_STYLE = Automatic;
				CURRENT_PROJECT_VERSION = 1;
				DEVELOPMENT_TEAM = XBK9RNRMN8;
				GENERATE_INFOPLIST_FILE = YES;
				INFOPLIST_FILE = MoCord/Info.plist;
				INFOPLIST_KEY_CFBundleDisplayName = MoCord;
				INFOPLIST_KEY_UIApplicationSupportsIndirectInputEvents = YES;
				INFOPLIST_KEY_UILaunchStoryboardName = LaunchScreen.storyboard;
				INFOPLIST_KEY_UIMainStoryboardFile = Main;
				INFOPLIST_KEY_UIRequiresFullScreen = NO;
				INFOPLIST_KEY_UIStatusBarStyle = UIStatusBarStyleLightContent;
				INFOPLIST_KEY_UISupportedInterfaceOrientations = UIInterfaceOrientationPortrait;
				INFOPLIST_KEY_UISupportedInterfaceOrientations_iPad = "UIInterfaceOrientationLandscapeLeft UIInterfaceOrientationLandscapeRight UIInterfaceOrientationPortrait UIInterfaceOrientationPortraitUpsideDown";
				IPHONEOS_DEPLOYMENT_TARGET = 16.0;
				LD_RUNPATH_SEARCH_PATHS = (
					"$(inherited)",
					"@executable_path/Frameworks",
				);
				MARKETING_VERSION = 1.0.1;
				PRODUCT_BUNDLE_IDENTIFIER = hyeri.MovieRating;
				PRODUCT_NAME = "$(TARGET_NAME)";
				SWIFT_EMIT_LOC_STRINGS = YES;
				SWIFT_VERSION = 5.0;
				TARGETED_DEVICE_FAMILY = 1;
			};
			name = Release;
		};
/* End XCBuildConfiguration section */

/* Begin XCConfigurationList section */
		1CE1DB9329DA974400645F68 /* Build configuration list for PBXProject "MoCord" */ = {
			isa = XCConfigurationList;
			buildConfigurations = (
				1CE1DBAA29DA974500645F68 /* Debug */,
				1CE1DBAB29DA974500645F68 /* Release */,
			);
			defaultConfigurationIsVisible = 0;
			defaultConfigurationName = Release;
		};
		1CE1DBAC29DA974500645F68 /* Build configuration list for PBXNativeTarget "MoCord" */ = {
			isa = XCConfigurationList;
			buildConfigurations = (
				1CE1DBAD29DA974500645F68 /* Debug */,
				1CE1DBAE29DA974500645F68 /* Release */,
			);
			defaultConfigurationIsVisible = 0;
			defaultConfigurationName = Release;
		};
/* End XCConfigurationList section */
	};
	rootObject = 1CE1DB9029DA974400645F68 /* Project object */;
}
