// !$*UTF8*$!
{
	archiveVersion = 1;
	classes = {
	};
	objectVersion = 56;
	objects = {

/* Begin PBXBuildFile section */
		1CE1DB9C29DA974400645F68 /* AppDelegate.swift in Sources */ = {isa = PBXBuildFile; fileRef = 1CE1DB9B29DA974400645F68 /* AppDelegate.swift */; };
		1CE1DB9E29DA974400645F68 /* SceneDelegate.swift in Sources */ = {isa = PBXBuildFile; fileRef = 1CE1DB9D29DA974400645F68 /* SceneDelegate.swift */; };
		1CE1DBA029DA974400645F68 /* HomeTableViewController.swift in Sources */ = {isa = PBXBuildFile; fileRef = 1CE1DB9F29DA974400645F68 /* HomeTableViewController.swift */; };
		1CE1DBA329DA974400645F68 /* Main.storyboard in Resources */ = {isa = PBXBuildFile; fileRef = 1CE1DBA129DA974400645F68 /* Main.storyboard */; };
		1CE1DBA529DA974500645F68 /* Assets.xcassets in Resources */ = {isa = PBXBuildFile; fileRef = 1CE1DBA429DA974500645F68 /* Assets.xcassets */; };
		1CE1DBA829DA974500645F68 /* LaunchScreen.storyboard in Resources */ = {isa = PBXBuildFile; fileRef = 1CE1DBA629DA974500645F68 /* LaunchScreen.storyboard */; };
		1CE1DBB029DA9CE800645F68 /* MyListViewController.swift in Sources */ = {isa = PBXBuildFile; fileRef = 1CE1DBAF29DA9CE800645F68 /* MyListViewController.swift */; };
		1CE1DBB329DAA23700645F68 /* MovieCell.swift in Sources */ = {isa = PBXBuildFile; fileRef = 1CE1DBB229DAA23700645F68 /* MovieCell.swift */; };
		6A58FE4064E3729AB7A18543 /* Pods_MovieRating.framework in Frameworks */ = {isa = PBXBuildFile; fileRef = E2D0C3F7AD2DF2B0D5794B0A /* Pods_MovieRating.framework */; };
/* End PBXBuildFile section */

/* Begin PBXFileReference section */
		1CE1DB9829DA974400645F68 /* MovieRating.app */ = {isa = PBXFileReference; explicitFileType = wrapper.application; includeInIndex = 0; path = MovieRating.app; sourceTree = BUILT_PRODUCTS_DIR; };
		1CE1DB9B29DA974400645F68 /* AppDelegate.swift */ = {isa = PBXFileReference; lastKnownFileType = sourcecode.swift; path = AppDelegate.swift; sourceTree = "<group>"; };
		1CE1DB9D29DA974400645F68 /* SceneDelegate.swift */ = {isa = PBXFileReference; lastKnownFileType = sourcecode.swift; path = SceneDelegate.swift; sourceTree = "<group>"; };
		1CE1DB9F29DA974400645F68 /* HomeTableViewController.swift */ = {isa = PBXFileReference; lastKnownFileType = sourcecode.swift; path = HomeTableViewController.swift; sourceTree = "<group>"; };
		1CE1DBA229DA974400645F68 /* Base */ = {isa = PBXFileReference; lastKnownFileType = file.storyboard; name = Base; path = Base.lproj/Main.storyboard; sourceTree = "<group>"; };
		1CE1DBA429DA974500645F68 /* Assets.xcassets */ = {isa = PBXFileReference; lastKnownFileType = folder.assetcatalog; path = Assets.xcassets; sourceTree = "<group>"; };
		1CE1DBA729DA974500645F68 /* Base */ = {isa = PBXFileReference; lastKnownFileType = file.storyboard; name = Base; path = Base.lproj/LaunchScreen.storyboard; sourceTree = "<group>"; };
		1CE1DBA929DA974500645F68 /* Info.plist */ = {isa = PBXFileReference; lastKnownFileType = text.plist.xml; path = Info.plist; sourceTree = "<group>"; };
		1CE1DBAF29DA9CE800645F68 /* MyListViewController.swift */ = {isa = PBXFileReference; lastKnownFileType = sourcecode.swift; path = MyListViewController.swift; sourceTree = "<group>"; };
		1CE1DBB229DAA23700645F68 /* MovieCell.swift */ = {isa = PBXFileReference; lastKnownFileType = sourcecode.swift; path = MovieCell.swift; sourceTree = "<group>"; };
		2A695663BFD530BAE40A0112 /* Pods-MovieRating.debug.xcconfig */ = {isa = PBXFileReference; includeInIndex = 1; lastKnownFileType = text.xcconfig; name = "Pods-MovieRating.debug.xcconfig"; path = "Target Support Files/Pods-MovieRating/Pods-MovieRating.debug.xcconfig"; sourceTree = "<group>"; };
		91FE216F7BC6A8580925EDF6 /* Pods-MovieRating.release.xcconfig */ = {isa = PBXFileReference; includeInIndex = 1; lastKnownFileType = text.xcconfig; name = "Pods-MovieRating.release.xcconfig"; path = "Target Support Files/Pods-MovieRating/Pods-MovieRating.release.xcconfig"; sourceTree = "<group>"; };
		E2D0C3F7AD2DF2B0D5794B0A /* Pods_MovieRating.framework */ = {isa = PBXFileReference; explicitFileType = wrapper.framework; includeInIndex = 0; path = Pods_MovieRating.framework; sourceTree = BUILT_PRODUCTS_DIR; };
/* End PBXFileReference section */

/* Begin PBXFrameworksBuildPhase section */
		1CE1DB9529DA974400645F68 /* Frameworks */ = {
			isa = PBXFrameworksBuildPhase;
			buildActionMask = 2147483647;
			files = (
				6A58FE4064E3729AB7A18543 /* Pods_MovieRating.framework in Frameworks */,
			);
			runOnlyForDeploymentPostprocessing = 0;
		};
/* End PBXFrameworksBuildPhase section */

/* Begin PBXGroup section */
		1CE1DB8F29DA974400645F68 = {
			isa = PBXGroup;
			children = (
				1CE1DB9A29DA974400645F68 /* MovieRating */,
				1CE1DB9929DA974400645F68 /* Products */,
				FB9286D5514F2599386B97C6 /* Pods */,
				93AAFF6267710B91E48AD743 /* Frameworks */,
			);
			sourceTree = "<group>";
		};
		1CE1DB9929DA974400645F68 /* Products */ = {
			isa = PBXGroup;
			children = (
				1CE1DB9829DA974400645F68 /* MovieRating.app */,
			);
			name = Products;
			sourceTree = "<group>";
		};
		1CE1DB9A29DA974400645F68 /* MovieRating */ = {
			isa = PBXGroup;
			children = (
				1CE1DB9F29DA974400645F68 /* HomeTableViewController.swift */,
				1CE1DBAF29DA9CE800645F68 /* MyListViewController.swift */,
				1CE1DBB129DAA22400645F68 /* Model */,
				1CE1DBD229DBF6ED00645F68 /* Resource */,
				1CE1DBA929DA974500645F68 /* Info.plist */,
			);
			path = MovieRating;
			sourceTree = "<group>";
		};
		1CE1DBB129DAA22400645F68 /* Model */ = {
			isa = PBXGroup;
			children = (
				1CE1DBB229DAA23700645F68 /* MovieCell.swift */,
			);
			path = Model;
			sourceTree = "<group>";
		};
		1CE1DBD229DBF6ED00645F68 /* Resource */ = {
			isa = PBXGroup;
			children = (
				1CE1DB9B29DA974400645F68 /* AppDelegate.swift */,
				1CE1DB9D29DA974400645F68 /* SceneDelegate.swift */,
				1CE1DBA129DA974400645F68 /* Main.storyboard */,
				1CE1DBA629DA974500645F68 /* LaunchScreen.storyboard */,
				1CE1DBA429DA974500645F68 /* Assets.xcassets */,
			);
			path = Resource;
			sourceTree = "<group>";
		};
		93AAFF6267710B91E48AD743 /* Frameworks */ = {
			isa = PBXGroup;
			children = (
				E2D0C3F7AD2DF2B0D5794B0A /* Pods_MovieRating.framework */,
			);
			name = Frameworks;
			sourceTree = "<group>";
		};
		FB9286D5514F2599386B97C6 /* Pods */ = {
			isa = PBXGroup;
			children = (
				2A695663BFD530BAE40A0112 /* Pods-MovieRating.debug.xcconfig */,
				91FE216F7BC6A8580925EDF6 /* Pods-MovieRating.release.xcconfig */,
			);
			path = Pods;
			sourceTree = "<group>";
		};
/* End PBXGroup section */

/* Begin PBXNativeTarget section */
		1CE1DB9729DA974400645F68 /* MovieRating */ = {
			isa = PBXNativeTarget;
			buildConfigurationList = 1CE1DBAC29DA974500645F68 /* Build configuration list for PBXNativeTarget "MovieRating" */;
			buildPhases = (
				F62892AE09A115DE6D2A0E5F /* [CP] Check Pods Manifest.lock */,
				1CE1DB9429DA974400645F68 /* Sources */,
				1CE1DB9529DA974400645F68 /* Frameworks */,
				1CE1DB9629DA974400645F68 /* Resources */,
				D1204AD3A2A441D710133C3A /* [CP] Embed Pods Frameworks */,
			);
			buildRules = (
			);
			dependencies = (
			);
			name = MovieRating;
			productName = MovieRating;
			productReference = 1CE1DB9829DA974400645F68 /* MovieRating.app */;
			productType = "com.apple.product-type.application";
		};
/* End PBXNativeTarget section */

/* Begin PBXProject section */
		1CE1DB9029DA974400645F68 /* Project object */ = {
			isa = PBXProject;
			attributes = {
				BuildIndependentTargetsInParallel = 1;
				LastSwiftUpdateCheck = 1420;
				LastUpgradeCheck = 1420;
				TargetAttributes = {
					1CE1DB9729DA974400645F68 = {
						CreatedOnToolsVersion = 14.2;
					};
				};
			};
			buildConfigurationList = 1CE1DB9329DA974400645F68 /* Build configuration list for PBXProject "MovieRating" */;
			compatibilityVersion = "Xcode 14.0";
			developmentRegion = en;
			hasScannedForEncodings = 0;
			knownRegions = (
				en,
				Base,
			);
			mainGroup = 1CE1DB8F29DA974400645F68;
			productRefGroup = 1CE1DB9929DA974400645F68 /* Products */;
			projectDirPath = "";
			projectRoot = "";
			targets = (
				1CE1DB9729DA974400645F68 /* MovieRating */,
			);
		};
/* End PBXProject section */

/* Begin PBXResourcesBuildPhase section */
		1CE1DB9629DA974400645F68 /* Resources */ = {
			isa = PBXResourcesBuildPhase;
			buildActionMask = 2147483647;
			files = (
				1CE1DBA829DA974500645F68 /* LaunchScreen.storyboard in Resources */,
				1CE1DBA529DA974500645F68 /* Assets.xcassets in Resources */,
				1CE1DBA329DA974400645F68 /* Main.storyboard in Resources */,
			);
			runOnlyForDeploymentPostprocessing = 0;
		};
/* End PBXResourcesBuildPhase section */

/* Begin PBXShellScriptBuildPhase section */
		D1204AD3A2A441D710133C3A /* [CP] Embed Pods Frameworks */ = {
			isa = PBXShellScriptBuildPhase;
			buildActionMask = 2147483647;
			files = (
			);
			inputFileListPaths = (
				"${PODS_ROOT}/Target Support Files/Pods-MovieRating/Pods-MovieRating-frameworks-${CONFIGURATION}-input-files.xcfilelist",
			);
			name = "[CP] Embed Pods Frameworks";
			outputFileListPaths = (
				"${PODS_ROOT}/Target Support Files/Pods-MovieRating/Pods-MovieRating-frameworks-${CONFIGURATION}-output-files.xcfilelist",
			);
			runOnlyForDeploymentPostprocessing = 0;
			shellPath = /bin/sh;
			shellScript = "\"${PODS_ROOT}/Target Support Files/Pods-MovieRating/Pods-MovieRating-frameworks.sh\"\n";
			showEnvVarsInLog = 0;
		};
		F62892AE09A115DE6D2A0E5F /* [CP] Check Pods Manifest.lock */ = {
			isa = PBXShellScriptBuildPhase;
			buildActionMask = 2147483647;
			files = (
			);
			inputFileListPaths = (
			);
			inputPaths = (
				"${PODS_PODFILE_DIR_PATH}/Podfile.lock",
				"${PODS_ROOT}/Manifest.lock",
			);
			name = "[CP] Check Pods Manifest.lock";
			outputFileListPaths = (
			);
			outputPaths = (
				"$(DERIVED_FILE_DIR)/Pods-MovieRating-checkManifestLockResult.txt",
			);
			runOnlyForDeploymentPostprocessing = 0;
			shellPath = /bin/sh;
			shellScript = "diff \"${PODS_PODFILE_DIR_PATH}/Podfile.lock\" \"${PODS_ROOT}/Manifest.lock\" > /dev/null\nif [ $? != 0 ] ; then\n    # print error to STDERR\n    echo \"error: The sandbox is not in sync with the Podfile.lock. Run 'pod install' or update your CocoaPods installation.\" >&2\n    exit 1\nfi\n# This output is used by Xcode 'outputs' to avoid re-running this script phase.\necho \"SUCCESS\" > \"${SCRIPT_OUTPUT_FILE_0}\"\n";
			showEnvVarsInLog = 0;
		};
/* End PBXShellScriptBuildPhase section */

/* Begin PBXSourcesBuildPhase section */
		1CE1DB9429DA974400645F68 /* Sources */ = {
			isa = PBXSourcesBuildPhase;
			buildActionMask = 2147483647;
			files = (
				1CE1DBA029DA974400645F68 /* HomeTableViewController.swift in Sources */,
				1CE1DB9C29DA974400645F68 /* AppDelegate.swift in Sources */,
				1CE1DBB029DA9CE800645F68 /* MyListViewController.swift in Sources */,
				1CE1DBB329DAA23700645F68 /* MovieCell.swift in Sources */,
				1CE1DB9E29DA974400645F68 /* SceneDelegate.swift in Sources */,
			);
			runOnlyForDeploymentPostprocessing = 0;
		};
/* End PBXSourcesBuildPhase section */

/* Begin PBXVariantGroup section */
		1CE1DBA129DA974400645F68 /* Main.storyboard */ = {
			isa = PBXVariantGroup;
			children = (
				1CE1DBA229DA974400645F68 /* Base */,
			);
			name = Main.storyboard;
			sourceTree = "<group>";
		};
		1CE1DBA629DA974500645F68 /* LaunchScreen.storyboard */ = {
			isa = PBXVariantGroup;
			children = (
				1CE1DBA729DA974500645F68 /* Base */,
			);
			name = LaunchScreen.storyboard;
			sourceTree = "<group>";
		};
/* End PBXVariantGroup section */

/* Begin XCBuildConfiguration section */
		1CE1DBAA29DA974500645F68 /* Debug */ = {
			isa = XCBuildConfiguration;
			buildSettings = {
				ALWAYS_SEARCH_USER_PATHS = NO;
				CLANG_ANALYZER_NONNULL = YES;
				CLANG_ANALYZER_NUMBER_OBJECT_CONVERSION = YES_AGGRESSIVE;
				CLANG_CXX_LANGUAGE_STANDARD = "gnu++20";
				CLANG_ENABLE_MODULES = YES;
				CLANG_ENABLE_OBJC_ARC = YES;
				CLANG_ENABLE_OBJC_WEAK = YES;
				CLANG_WARN_BLOCK_CAPTURE_AUTORELEASING = YES;
				CLANG_WARN_BOOL_CONVERSION = YES;
				CLANG_WARN_COMMA = YES;
				CLANG_WARN_CONSTANT_CONVERSION = YES;
				CLANG_WARN_DEPRECATED_OBJC_IMPLEMENTATIONS = YES;
				CLANG_WARN_DIRECT_OBJC_ISA_USAGE = YES_ERROR;
				CLANG_WARN_DOCUMENTATION_COMMENTS = YES;
				CLANG_WARN_EMPTY_BODY = YES;
				CLANG_WARN_ENUM_CONVERSION = YES;
				CLANG_WARN_INFINITE_RECURSION = YES;
				CLANG_WARN_INT_CONVERSION = YES;
				CLANG_WARN_NON_LITERAL_NULL_CONVERSION = YES;
				CLANG_WARN_OBJC_IMPLICIT_RETAIN_SELF = YES;
				CLANG_WARN_OBJC_LITERAL_CONVERSION = YES;
				CLANG_WARN_OBJC_ROOT_CLASS = YES_ERROR;
				CLANG_WARN_QUOTED_INCLUDE_IN_FRAMEWORK_HEADER = YES;
				CLANG_WARN_RANGE_LOOP_ANALYSIS = YES;
				CLANG_WARN_STRICT_PROTOTYPES = YES;
				CLANG_WARN_SUSPICIOUS_MOVE = YES;
				CLANG_WARN_UNGUARDED_AVAILABILITY = YES_AGGRESSIVE;
				CLANG_WARN_UNREACHABLE_CODE = YES;
				CLANG_WARN__DUPLICATE_METHOD_MATCH = YES;
				COPY_PHASE_STRIP = NO;
				DEBUG_INFORMATION_FORMAT = dwarf;
				ENABLE_STRICT_OBJC_MSGSEND = YES;
				ENABLE_TESTABILITY = YES;
				GCC_C_LANGUAGE_STANDARD = gnu11;
				GCC_DYNAMIC_NO_PIC = NO;
				GCC_NO_COMMON_BLOCKS = YES;
				GCC_OPTIMIZATION_LEVEL = 0;
				GCC_PREPROCESSOR_DEFINITIONS = (
					"DEBUG=1",
					"$(inherited)",
				);
				GCC_WARN_64_TO_32_BIT_CONVERSION = YES;
				GCC_WARN_ABOUT_RETURN_TYPE = YES_ERROR;
				GCC_WARN_UNDECLARED_SELECTOR = YES;
				GCC_WARN_UNINITIALIZED_AUTOS = YES_AGGRESSIVE;
				GCC_WARN_UNUSED_FUNCTION = YES;
				GCC_WARN_UNUSED_VARIABLE = YES;
				IPHONEOS_DEPLOYMENT_TARGET = 16.2;
				MTL_ENABLE_DEBUG_INFO = INCLUDE_SOURCE;
				MTL_FAST_MATH = YES;
				ONLY_ACTIVE_ARCH = YES;
				SDKROOT = iphoneos;
				SWIFT_ACTIVE_COMPILATION_CONDITIONS = DEBUG;
				SWIFT_OPTIMIZATION_LEVEL = "-Onone";
			};
			name = Debug;
		};
		1CE1DBAB29DA974500645F68 /* Release */ = {
			isa = XCBuildConfiguration;
			buildSettings = {
				ALWAYS_SEARCH_USER_PATHS = NO;
				CLANG_ANALYZER_NONNULL = YES;
				CLANG_ANALYZER_NUMBER_OBJECT_CONVERSION = YES_AGGRESSIVE;
				CLANG_CXX_LANGUAGE_STANDARD = "gnu++20";
				CLANG_ENABLE_MODULES = YES;
				CLANG_ENABLE_OBJC_ARC = YES;
				CLANG_ENABLE_OBJC_WEAK = YES;
				CLANG_WARN_BLOCK_CAPTURE_AUTORELEASING = YES;
				CLANG_WARN_BOOL_CONVERSION = YES;
				CLANG_WARN_COMMA = YES;
				CLANG_WARN_CONSTANT_CONVERSION = YES;
				CLANG_WARN_DEPRECATED_OBJC_IMPLEMENTATIONS = YES;
				CLANG_WARN_DIRECT_OBJC_ISA_USAGE = YES_ERROR;
				CLANG_WARN_DOCUMENTATION_COMMENTS = YES;
				CLANG_WARN_EMPTY_BODY = YES;
				CLANG_WARN_ENUM_CONVERSION = YES;
				CLANG_WARN_INFINITE_RECURSION = YES;
				CLANG_WARN_INT_CONVERSION = YES;
				CLANG_WARN_NON_LITERAL_NULL_CONVERSION = YES;
				CLANG_WARN_OBJC_IMPLICIT_RETAIN_SELF = YES;
				CLANG_WARN_OBJC_LITERAL_CONVERSION = YES;
				CLANG_WARN_OBJC_ROOT_CLASS = YES_ERROR;
				CLANG_WARN_QUOTED_INCLUDE_IN_FRAMEWORK_HEADER = YES;
				CLANG_WARN_RANGE_LOOP_ANALYSIS = YES;
				CLANG_WARN_STRICT_PROTOTYPES = YES;
				CLANG_WARN_SUSPICIOUS_MOVE = YES;
				CLANG_WARN_UNGUARDED_AVAILABILITY = YES_AGGRESSIVE;
				CLANG_WARN_UNREACHABLE_CODE = YES;
				CLANG_WARN__DUPLICATE_METHOD_MATCH = YES;
				COPY_PHASE_STRIP = NO;
				DEBUG_INFORMATION_FORMAT = "dwarf-with-dsym";
				ENABLE_NS_ASSERTIONS = NO;
				ENABLE_STRICT_OBJC_MSGSEND = YES;
				GCC_C_LANGUAGE_STANDARD = gnu11;
				GCC_NO_COMMON_BLOCKS = YES;
				GCC_WARN_64_TO_32_BIT_CONVERSION = YES;
				GCC_WARN_ABOUT_RETURN_TYPE = YES_ERROR;
				GCC_WARN_UNDECLARED_SELECTOR = YES;
				GCC_WARN_UNINITIALIZED_AUTOS = YES_AGGRESSIVE;
				GCC_WARN_UNUSED_FUNCTION = YES;
				GCC_WARN_UNUSED_VARIABLE = YES;
				IPHONEOS_DEPLOYMENT_TARGET = 16.2;
				MTL_ENABLE_DEBUG_INFO = NO;
				MTL_FAST_MATH = YES;
				SDKROOT = iphoneos;
				SWIFT_COMPILATION_MODE = wholemodule;
				SWIFT_OPTIMIZATION_LEVEL = "-O";
				VALIDATE_PRODUCT = YES;
			};
			name = Release;
		};
		1CE1DBAD29DA974500645F68 /* Debug */ = {
			isa = XCBuildConfiguration;
			baseConfigurationReference = 2A695663BFD530BAE40A0112 /* Pods-MovieRating.debug.xcconfig */;
			buildSettings = {
				ASSETCATALOG_COMPILER_APPICON_NAME = AppIcon;
				ASSETCATALOG_COMPILER_GLOBAL_ACCENT_COLOR_NAME = AccentColor;
				CODE_SIGN_STYLE = Automatic;
				CURRENT_PROJECT_VERSION = 1;
				DEVELOPMENT_TEAM = XBK9RNRMN8;
				GENERATE_INFOPLIST_FILE = YES;
				INFOPLIST_FILE = MovieRating/Info.plist;
				INFOPLIST_KEY_UIApplicationSupportsIndirectInputEvents = YES;
				INFOPLIST_KEY_UILaunchStoryboardName = LaunchScreen;
				INFOPLIST_KEY_UIMainStoryboardFile = Main;
				INFOPLIST_KEY_UISupportedInterfaceOrientations_iPad = "UIInterfaceOrientationPortrait UIInterfaceOrientationPortraitUpsideDown UIInterfaceOrientationLandscapeLeft UIInterfaceOrientationLandscapeRight";
				INFOPLIST_KEY_UISupportedInterfaceOrientations_iPhone = "UIInterfaceOrientationPortrait UIInterfaceOrientationLandscapeLeft UIInterfaceOrientationLandscapeRight";
				IPHONEOS_DEPLOYMENT_TARGET = 16.0;
				LD_RUNPATH_SEARCH_PATHS = (
					"$(inherited)",
					"@executable_path/Frameworks",
				);
				MARKETING_VERSION = 1.0;
				PRODUCT_BUNDLE_IDENTIFIER = hyeri.MovieRating;
				PRODUCT_NAME = "$(TARGET_NAME)";
				SWIFT_EMIT_LOC_STRINGS = YES;
				SWIFT_VERSION = 5.0;
				TARGETED_DEVICE_FAMILY = "1,2";
			};
			name = Debug;
		};
		1CE1DBAE29DA974500645F68 /* Release */ = {
			isa = XCBuildConfiguration;
			baseConfigurationReference = 91FE216F7BC6A8580925EDF6 /* Pods-MovieRating.release.xcconfig */;
			buildSettings = {
				ASSETCATALOG_COMPILER_APPICON_NAME = AppIcon;
				ASSETCATALOG_COMPILER_GLOBAL_ACCENT_COLOR_NAME = AccentColor;
				CODE_SIGN_STYLE = Automatic;
				CURRENT_PROJECT_VERSION = 1;
				DEVELOPMENT_TEAM = XBK9RNRMN8;
				GENERATE_INFOPLIST_FILE = YES;
				INFOPLIST_FILE = MovieRating/Info.plist;
				INFOPLIST_KEY_UIApplicationSupportsIndirectInputEvents = YES;
				INFOPLIST_KEY_UILaunchStoryboardName = LaunchScreen;
				INFOPLIST_KEY_UIMainStoryboardFile = Main;
				INFOPLIST_KEY_UISupportedInterfaceOrientations_iPad = "UIInterfaceOrientationPortrait UIInterfaceOrientationPortraitUpsideDown UIInterfaceOrientationLandscapeLeft UIInterfaceOrientationLandscapeRight";
				INFOPLIST_KEY_UISupportedInterfaceOrientations_iPhone = "UIInterfaceOrientationPortrait UIInterfaceOrientationLandscapeLeft UIInterfaceOrientationLandscapeRight";
				IPHONEOS_DEPLOYMENT_TARGET = 16.0;
				LD_RUNPATH_SEARCH_PATHS = (
					"$(inherited)",
					"@executable_path/Frameworks",
				);
				MARKETING_VERSION = 1.0;
				PRODUCT_BUNDLE_IDENTIFIER = hyeri.MovieRating;
				PRODUCT_NAME = "$(TARGET_NAME)";
				SWIFT_EMIT_LOC_STRINGS = YES;
				SWIFT_VERSION = 5.0;
				TARGETED_DEVICE_FAMILY = "1,2";
			};
			name = Release;
		};
/* End XCBuildConfiguration section */

/* Begin XCConfigurationList section */
		1CE1DB9329DA974400645F68 /* Build configuration list for PBXProject "MovieRating" */ = {
			isa = XCConfigurationList;
			buildConfigurations = (
				1CE1DBAA29DA974500645F68 /* Debug */,
				1CE1DBAB29DA974500645F68 /* Release */,
			);
			defaultConfigurationIsVisible = 0;
			defaultConfigurationName = Release;
		};
		1CE1DBAC29DA974500645F68 /* Build configuration list for PBXNativeTarget "MovieRating" */ = {
			isa = XCConfigurationList;
			buildConfigurations = (
				1CE1DBAD29DA974500645F68 /* Debug */,
				1CE1DBAE29DA974500645F68 /* Release */,
			);
			defaultConfigurationIsVisible = 0;
			defaultConfigurationName = Release;
		};
/* End XCConfigurationList section */
	};
	rootObject = 1CE1DB9029DA974400645F68 /* Project object */;
}
